// !$*UTF8*$!
{
	archiveVersion = 1;
	classes = {
	};
	objectVersion = 55;
	objects = {

/* Begin PBXBuildFile section */
		6305052F28020BA300DCC6BF /* iOSConcurrencyApp.swift in Sources */ = {isa = PBXBuildFile; fileRef = 6305052E28020BA300DCC6BF /* iOSConcurrencyApp.swift */; };
		6305053128020BA300DCC6BF /* UsersListView.swift in Sources */ = {isa = PBXBuildFile; fileRef = 6305053028020BA300DCC6BF /* UsersListView.swift */; };
		6305053328020BA700DCC6BF /* Assets.xcassets in Resources */ = {isa = PBXBuildFile; fileRef = 6305053228020BA700DCC6BF /* Assets.xcassets */; };
		6305053628020BA700DCC6BF /* Preview Assets.xcassets in Resources */ = {isa = PBXBuildFile; fileRef = 6305053528020BA700DCC6BF /* Preview Assets.xcassets */; };
		6305053F28020D6A00DCC6BF /* ReadME.text in Resources */ = {isa = PBXBuildFile; fileRef = 6305053E28020D6A00DCC6BF /* ReadME.text */; };
		630505432802112400DCC6BF /* User.swift in Sources */ = {isa = PBXBuildFile; fileRef = 630505422802112400DCC6BF /* User.swift */; };
		63050545280211F000DCC6BF /* Post.swift in Sources */ = {isa = PBXBuildFile; fileRef = 63050544280211F000DCC6BF /* Post.swift */; };
		630505482802134F00DCC6BF /* APIService.swift in Sources */ = {isa = PBXBuildFile; fileRef = 630505472802134F00DCC6BF /* APIService.swift */; };
		6393F92B2802209800766CED /* UsersListViewModel.swift in Sources */ = {isa = PBXBuildFile; fileRef = 6393F92A2802209800766CED /* UsersListViewModel.swift */; };
		6393F92D2802247800766CED /* users.json in Resources */ = {isa = PBXBuildFile; fileRef = 6393F92C2802247800766CED /* users.json */; };
		6393F92F280224C600766CED /* posts.json in Resources */ = {isa = PBXBuildFile; fileRef = 6393F92E280224C600766CED /* posts.json */; };
		6393F932280225AC00766CED /* Bundel+Extensions.swift in Sources */ = {isa = PBXBuildFile; fileRef = 6393F931280225AC00766CED /* Bundel+Extensions.swift */; };
		6393F9342802262500766CED /* mockData.swift in Sources */ = {isa = PBXBuildFile; fileRef = 6393F9332802262500766CED /* mockData.swift */; };
		6393F93628022C4300766CED /* PostsListViewModel.swift in Sources */ = {isa = PBXBuildFile; fileRef = 6393F93528022C4300766CED /* PostsListViewModel.swift */; };
		6393F93828022DE200766CED /* PostsListView.swift in Sources */ = {isa = PBXBuildFile; fileRef = 6393F93728022DE200766CED /* PostsListView.swift */; };
/* End PBXBuildFile section */

/* Begin PBXFileReference section */
		6305052B28020BA300DCC6BF /* iOSConcurrency.app */ = {isa = PBXFileReference; explicitFileType = wrapper.application; includeInIndex = 0; path = iOSConcurrency.app; sourceTree = BUILT_PRODUCTS_DIR; };
		6305052E28020BA300DCC6BF /* iOSConcurrencyApp.swift */ = {isa = PBXFileReference; lastKnownFileType = sourcecode.swift; path = iOSConcurrencyApp.swift; sourceTree = "<group>"; };
		6305053028020BA300DCC6BF /* UsersListView.swift */ = {isa = PBXFileReference; lastKnownFileType = sourcecode.swift; path = UsersListView.swift; sourceTree = "<group>"; };
		6305053228020BA700DCC6BF /* Assets.xcassets */ = {isa = PBXFileReference; lastKnownFileType = folder.assetcatalog; path = Assets.xcassets; sourceTree = "<group>"; };
		6305053528020BA700DCC6BF /* Preview Assets.xcassets */ = {isa = PBXFileReference; lastKnownFileType = folder.assetcatalog; path = "Preview Assets.xcassets"; sourceTree = "<group>"; };
		6305053E28020D6A00DCC6BF /* ReadME.text */ = {isa = PBXFileReference; lastKnownFileType = net.daringfireball.markdown; path = ReadME.text; sourceTree = "<group>"; };
		6305054028020FD800DCC6BF /* Info.plist */ = {isa = PBXFileReference; lastKnownFileType = text.plist; path = Info.plist; sourceTree = "<group>"; };
		630505422802112400DCC6BF /* User.swift */ = {isa = PBXFileReference; lastKnownFileType = sourcecode.swift; path = User.swift; sourceTree = "<group>"; };
		63050544280211F000DCC6BF /* Post.swift */ = {isa = PBXFileReference; lastKnownFileType = sourcecode.swift; path = Post.swift; sourceTree = "<group>"; };
		630505472802134F00DCC6BF /* APIService.swift */ = {isa = PBXFileReference; lastKnownFileType = sourcecode.swift; path = APIService.swift; sourceTree = "<group>"; };
		6393F92A2802209800766CED /* UsersListViewModel.swift */ = {isa = PBXFileReference; lastKnownFileType = sourcecode.swift; path = UsersListViewModel.swift; sourceTree = "<group>"; };
		6393F92C2802247800766CED /* users.json */ = {isa = PBXFileReference; lastKnownFileType = text.json; path = users.json; sourceTree = "<group>"; };
		6393F92E280224C600766CED /* posts.json */ = {isa = PBXFileReference; lastKnownFileType = text.json; path = posts.json; sourceTree = "<group>"; };
		6393F931280225AC00766CED /* Bundel+Extensions.swift */ = {isa = PBXFileReference; lastKnownFileType = sourcecode.swift; path = "Bundel+Extensions.swift"; sourceTree = "<group>"; };
		6393F9332802262500766CED /* mockData.swift */ = {isa = PBXFileReference; lastKnownFileType = sourcecode.swift; path = mockData.swift; sourceTree = "<group>"; };
		6393F93528022C4300766CED /* PostsListViewModel.swift */ = {isa = PBXFileReference; lastKnownFileType = sourcecode.swift; path = PostsListViewModel.swift; sourceTree = "<group>"; };
		6393F93728022DE200766CED /* PostsListView.swift */ = {isa = PBXFileReference; lastKnownFileType = sourcecode.swift; path = PostsListView.swift; sourceTree = "<group>"; };
/* End PBXFileReference section */

/* Begin PBXFrameworksBuildPhase section */
		6305052828020BA300DCC6BF /* Frameworks */ = {
			isa = PBXFrameworksBuildPhase;
			buildActionMask = 2147483647;
			files = (
			);
			runOnlyForDeploymentPostprocessing = 0;
		};
/* End PBXFrameworksBuildPhase section */

/* Begin PBXGroup section */
		6305052228020BA300DCC6BF = {
			isa = PBXGroup;
			children = (
				6305053E28020D6A00DCC6BF /* ReadME.text */,
				6305052D28020BA300DCC6BF /* iOSConcurrency */,
				6305052C28020BA300DCC6BF /* Products */,
			);
			sourceTree = "<group>";
		};
		6305052C28020BA300DCC6BF /* Products */ = {
			isa = PBXGroup;
			children = (
				6305052B28020BA300DCC6BF /* iOSConcurrency.app */,
			);
			name = Products;
			sourceTree = "<group>";
		};
		6305052D28020BA300DCC6BF /* iOSConcurrency */ = {
			isa = PBXGroup;
			children = (
				6393F9302802259400766CED /* Extensions */,
				6305054A28021FB300DCC6BF /* ViewModels */,
				6305054928021F0600DCC6BF /* Views */,
				630505462802132F00DCC6BF /* Services */,
				630505412802111100DCC6BF /* Models */,
				6305054028020FD800DCC6BF /* Info.plist */,
				6305052E28020BA300DCC6BF /* iOSConcurrencyApp.swift */,
				6305053228020BA700DCC6BF /* Assets.xcassets */,
				6305053428020BA700DCC6BF /* Preview Content */,
			);
			path = iOSConcurrency;
			sourceTree = "<group>";
		};
		6305053428020BA700DCC6BF /* Preview Content */ = {
			isa = PBXGroup;
			children = (
				6305053528020BA700DCC6BF /* Preview Assets.xcassets */,
				6393F92C2802247800766CED /* users.json */,
				6393F92E280224C600766CED /* posts.json */,
				6393F9332802262500766CED /* mockData.swift */,
			);
			path = "Preview Content";
			sourceTree = "<group>";
		};
		630505412802111100DCC6BF /* Models */ = {
			isa = PBXGroup;
			children = (
				630505422802112400DCC6BF /* User.swift */,
				63050544280211F000DCC6BF /* Post.swift */,
			);
			path = Models;
			sourceTree = "<group>";
		};
		630505462802132F00DCC6BF /* Services */ = {
			isa = PBXGroup;
			children = (
				630505472802134F00DCC6BF /* APIService.swift */,
			);
			path = Services;
			sourceTree = "<group>";
		};
		6305054928021F0600DCC6BF /* Views */ = {
			isa = PBXGroup;
			children = (
				6305053028020BA300DCC6BF /* UsersListView.swift */,
				6393F93728022DE200766CED /* PostsListView.swift */,
			);
			path = Views;
			sourceTree = "<group>";
		};
		6305054A28021FB300DCC6BF /* ViewModels */ = {
			isa = PBXGroup;
			children = (
				6393F92A2802209800766CED /* UsersListViewModel.swift */,
				6393F93528022C4300766CED /* PostsListViewModel.swift */,
			);
			path = ViewModels;
			sourceTree = "<group>";
		};
		6393F9302802259400766CED /* Extensions */ = {
			isa = PBXGroup;
			children = (
				6393F931280225AC00766CED /* Bundel+Extensions.swift */,
			);
			path = Extensions;
			sourceTree = "<group>";
		};
/* End PBXGroup section */

/* Begin PBXNativeTarget section */
		6305052A28020BA300DCC6BF /* iOSConcurrency */ = {
			isa = PBXNativeTarget;
			buildConfigurationList = 6305053928020BA700DCC6BF /* Build configuration list for PBXNativeTarget "iOSConcurrency" */;
			buildPhases = (
				6305052728020BA300DCC6BF /* Sources */,
				6305052828020BA300DCC6BF /* Frameworks */,
				6305052928020BA300DCC6BF /* Resources */,
			);
			buildRules = (
			);
			dependencies = (
			);
			name = iOSConcurrency;
			productName = iOSConcurrency;
			productReference = 6305052B28020BA300DCC6BF /* iOSConcurrency.app */;
			productType = "com.apple.product-type.application";
		};
/* End PBXNativeTarget section */

/* Begin PBXProject section */
		6305052328020BA300DCC6BF /* Project object */ = {
			isa = PBXProject;
			attributes = {
				BuildIndependentTargetsInParallel = 1;
				LastSwiftUpdateCheck = 1330;
				LastUpgradeCheck = 1330;
				TargetAttributes = {
					6305052A28020BA300DCC6BF = {
						CreatedOnToolsVersion = 13.3;
					};
				};
			};
			buildConfigurationList = 6305052628020BA300DCC6BF /* Build configuration list for PBXProject "iOSConcurrency" */;
			compatibilityVersion = "Xcode 13.0";
			developmentRegion = en;
			hasScannedForEncodings = 0;
			knownRegions = (
				en,
				Base,
			);
			mainGroup = 6305052228020BA300DCC6BF;
			productRefGroup = 6305052C28020BA300DCC6BF /* Products */;
			projectDirPath = "";
			projectRoot = "";
			targets = (
				6305052A28020BA300DCC6BF /* iOSConcurrency */,
			);
		};
/* End PBXProject section */

/* Begin PBXResourcesBuildPhase section */
		6305052928020BA300DCC6BF /* Resources */ = {
			isa = PBXResourcesBuildPhase;
			buildActionMask = 2147483647;
			files = (
				6393F92D2802247800766CED /* users.json in Resources */,
				6393F92F280224C600766CED /* posts.json in Resources */,
				6305053628020BA700DCC6BF /* Preview Assets.xcassets in Resources */,
				6305053F28020D6A00DCC6BF /* ReadME.text in Resources */,
				6305053328020BA700DCC6BF /* Assets.xcassets in Resources */,
			);
			runOnlyForDeploymentPostprocessing = 0;
		};
/* End PBXResourcesBuildPhase section */

/* Begin PBXSourcesBuildPhase section */
		6305052728020BA300DCC6BF /* Sources */ = {
			isa = PBXSourcesBuildPhase;
			buildActionMask = 2147483647;
			files = (
				6305053128020BA300DCC6BF /* UsersListView.swift in Sources */,
				6393F92B2802209800766CED /* UsersListViewModel.swift in Sources */,
				630505482802134F00DCC6BF /* APIService.swift in Sources */,
				6393F93628022C4300766CED /* PostsListViewModel.swift in Sources */,
				630505432802112400DCC6BF /* User.swift in Sources */,
				6305052F28020BA300DCC6BF /* iOSConcurrencyApp.swift in Sources */,
				6393F9342802262500766CED /* mockData.swift in Sources */,
				6393F932280225AC00766CED /* Bundel+Extensions.swift in Sources */,
				6393F93828022DE200766CED /* PostsListView.swift in Sources */,
				63050545280211F000DCC6BF /* Post.swift in Sources */,
			);
			runOnlyForDeploymentPostprocessing = 0;
		};
/* End PBXSourcesBuildPhase section */

/* Begin XCBuildConfiguration section */
		6305053728020BA700DCC6BF /* Debug */ = {
			isa = XCBuildConfiguration;
			buildSettings = {
				ALWAYS_SEARCH_USER_PATHS = NO;
				CLANG_ANALYZER_NONNULL = YES;
				CLANG_ANALYZER_NUMBER_OBJECT_CONVERSION = YES_AGGRESSIVE;
				CLANG_CXX_LANGUAGE_STANDARD = "gnu++17";
				CLANG_ENABLE_MODULES = YES;
				CLANG_ENABLE_OBJC_ARC = YES;
				CLANG_ENABLE_OBJC_WEAK = YES;
				CLANG_WARN_BLOCK_CAPTURE_AUTORELEASING = YES;
				CLANG_WARN_BOOL_CONVERSION = YES;
				CLANG_WARN_COMMA = YES;
				CLANG_WARN_CONSTANT_CONVERSION = YES;
				CLANG_WARN_DEPRECATED_OBJC_IMPLEMENTATIONS = YES;
				CLANG_WARN_DIRECT_OBJC_ISA_USAGE = YES_ERROR;
				CLANG_WARN_DOCUMENTATION_COMMENTS = YES;
				CLANG_WARN_EMPTY_BODY = YES;
				CLANG_WARN_ENUM_CONVERSION = YES;
				CLANG_WARN_INFINITE_RECURSION = YES;
				CLANG_WARN_INT_CONVERSION = YES;
				CLANG_WARN_NON_LITERAL_NULL_CONVERSION = YES;
				CLANG_WARN_OBJC_IMPLICIT_RETAIN_SELF = YES;
				CLANG_WARN_OBJC_LITERAL_CONVERSION = YES;
				CLANG_WARN_OBJC_ROOT_CLASS = YES_ERROR;
				CLANG_WARN_QUOTED_INCLUDE_IN_FRAMEWORK_HEADER = YES;
				CLANG_WARN_RANGE_LOOP_ANALYSIS = YES;
				CLANG_WARN_STRICT_PROTOTYPES = YES;
				CLANG_WARN_SUSPICIOUS_MOVE = YES;
				CLANG_WARN_UNGUARDED_AVAILABILITY = YES_AGGRESSIVE;
				CLANG_WARN_UNREACHABLE_CODE = YES;
				CLANG_WARN__DUPLICATE_METHOD_MATCH = YES;
				COPY_PHASE_STRIP = NO;
				DEBUG_INFORMATION_FORMAT = dwarf;
				ENABLE_STRICT_OBJC_MSGSEND = YES;
				ENABLE_TESTABILITY = YES;
				GCC_C_LANGUAGE_STANDARD = gnu11;
				GCC_DYNAMIC_NO_PIC = NO;
				GCC_NO_COMMON_BLOCKS = YES;
				GCC_OPTIMIZATION_LEVEL = 0;
				GCC_PREPROCESSOR_DEFINITIONS = (
					"DEBUG=1",
					"$(inherited)",
				);
				GCC_WARN_64_TO_32_BIT_CONVERSION = YES;
				GCC_WARN_ABOUT_RETURN_TYPE = YES_ERROR;
				GCC_WARN_UNDECLARED_SELECTOR = YES;
				GCC_WARN_UNINITIALIZED_AUTOS = YES_AGGRESSIVE;
				GCC_WARN_UNUSED_FUNCTION = YES;
				GCC_WARN_UNUSED_VARIABLE = YES;
				IPHONEOS_DEPLOYMENT_TARGET = 15.4;
				MTL_ENABLE_DEBUG_INFO = INCLUDE_SOURCE;
				MTL_FAST_MATH = YES;
				ONLY_ACTIVE_ARCH = YES;
				SDKROOT = iphoneos;
				SWIFT_ACTIVE_COMPILATION_CONDITIONS = DEBUG;
				SWIFT_OPTIMIZATION_LEVEL = "-Onone";
			};
			name = Debug;
		};
		6305053828020BA700DCC6BF /* Release */ = {
			isa = XCBuildConfiguration;
			buildSettings = {
				ALWAYS_SEARCH_USER_PATHS = NO;
				CLANG_ANALYZER_NONNULL = YES;
				CLANG_ANALYZER_NUMBER_OBJECT_CONVERSION = YES_AGGRESSIVE;
				CLANG_CXX_LANGUAGE_STANDARD = "gnu++17";
				CLANG_ENABLE_MODULES = YES;
				CLANG_ENABLE_OBJC_ARC = YES;
				CLANG_ENABLE_OBJC_WEAK = YES;
				CLANG_WARN_BLOCK_CAPTURE_AUTORELEASING = YES;
				CLANG_WARN_BOOL_CONVERSION = YES;
				CLANG_WARN_COMMA = YES;
				CLANG_WARN_CONSTANT_CONVERSION = YES;
				CLANG_WARN_DEPRECATED_OBJC_IMPLEMENTATIONS = YES;
				CLANG_WARN_DIRECT_OBJC_ISA_USAGE = YES_ERROR;
				CLANG_WARN_DOCUMENTATION_COMMENTS = YES;
				CLANG_WARN_EMPTY_BODY = YES;
				CLANG_WARN_ENUM_CONVERSION = YES;
				CLANG_WARN_INFINITE_RECURSION = YES;
				CLANG_WARN_INT_CONVERSION = YES;
				CLANG_WARN_NON_LITERAL_NULL_CONVERSION = YES;
				CLANG_WARN_OBJC_IMPLICIT_RETAIN_SELF = YES;
				CLANG_WARN_OBJC_LITERAL_CONVERSION = YES;
				CLANG_WARN_OBJC_ROOT_CLASS = YES_ERROR;
				CLANG_WARN_QUOTED_INCLUDE_IN_FRAMEWORK_HEADER = YES;
				CLANG_WARN_RANGE_LOOP_ANALYSIS = YES;
				CLANG_WARN_STRICT_PROTOTYPES = YES;
				CLANG_WARN_SUSPICIOUS_MOVE = YES;
				CLANG_WARN_UNGUARDED_AVAILABILITY = YES_AGGRESSIVE;
				CLANG_WARN_UNREACHABLE_CODE = YES;
				CLANG_WARN__DUPLICATE_METHOD_MATCH = YES;
				COPY_PHASE_STRIP = NO;
				DEBUG_INFORMATION_FORMAT = "dwarf-with-dsym";
				ENABLE_NS_ASSERTIONS = NO;
				ENABLE_STRICT_OBJC_MSGSEND = YES;
				GCC_C_LANGUAGE_STANDARD = gnu11;
				GCC_NO_COMMON_BLOCKS = YES;
				GCC_WARN_64_TO_32_BIT_CONVERSION = YES;
				GCC_WARN_ABOUT_RETURN_TYPE = YES_ERROR;
				GCC_WARN_UNDECLARED_SELECTOR = YES;
				GCC_WARN_UNINITIALIZED_AUTOS = YES_AGGRESSIVE;
				GCC_WARN_UNUSED_FUNCTION = YES;
				GCC_WARN_UNUSED_VARIABLE = YES;
				IPHONEOS_DEPLOYMENT_TARGET = 15.4;
				MTL_ENABLE_DEBUG_INFO = NO;
				MTL_FAST_MATH = YES;
				SDKROOT = iphoneos;
				SWIFT_COMPILATION_MODE = wholemodule;
				SWIFT_OPTIMIZATION_LEVEL = "-O";
				VALIDATE_PRODUCT = YES;
			};
			name = Release;
		};
		6305053A28020BA700DCC6BF /* Debug */ = {
			isa = XCBuildConfiguration;
			buildSettings = {
				ASSETCATALOG_COMPILER_APPICON_NAME = AppIcon;
				ASSETCATALOG_COMPILER_GLOBAL_ACCENT_COLOR_NAME = AccentColor;
				CODE_SIGN_STYLE = Automatic;
				CURRENT_PROJECT_VERSION = 1;
				DEVELOPMENT_ASSET_PATHS = "\"iOSConcurrency/Preview Content\"";
				DEVELOPMENT_TEAM = 99568KA9SE;
				ENABLE_PREVIEWS = YES;
				GENERATE_INFOPLIST_FILE = YES;
				INFOPLIST_FILE = iOSConcurrency/Info.plist;
				INFOPLIST_KEY_UIApplicationSceneManifest_Generation = YES;
				INFOPLIST_KEY_UIApplicationSupportsIndirectInputEvents = YES;
				INFOPLIST_KEY_UISupportedInterfaceOrientations_iPad = "UIInterfaceOrientationPortrait UIInterfaceOrientationPortraitUpsideDown UIInterfaceOrientationLandscapeLeft UIInterfaceOrientationLandscapeRight";
				INFOPLIST_KEY_UISupportedInterfaceOrientations_iPhone = "UIInterfaceOrientationPortrait UIInterfaceOrientationLandscapeLeft UIInterfaceOrientationLandscapeRight";
				LD_RUNPATH_SEARCH_PATHS = (
					"$(inherited)",
					"@executable_path/Frameworks",
				);
				MARKETING_VERSION = 1.0;
				PRODUCT_BUNDLE_IDENTIFIER = com.LifeWorksIQ.iOSConcurrency;
				PRODUCT_NAME = "$(TARGET_NAME)";
				SWIFT_EMIT_LOC_STRINGS = YES;
				SWIFT_VERSION = 5.0;
				TARGETED_DEVICE_FAMILY = "1,2";
			};
			name = Debug;
		};
		6305053B28020BA700DCC6BF /* Release */ = {
			isa = XCBuildConfiguration;
			buildSettings = {
				ASSETCATALOG_COMPILER_APPICON_NAME = AppIcon;
				ASSETCATALOG_COMPILER_GLOBAL_ACCENT_COLOR_NAME = AccentColor;
				CODE_SIGN_STYLE = Automatic;
				CURRENT_PROJECT_VERSION = 1;
				DEVELOPMENT_ASSET_PATHS = "\"iOSConcurrency/Preview Content\"";
				DEVELOPMENT_TEAM = 99568KA9SE;
				ENABLE_PREVIEWS = YES;
				GENERATE_INFOPLIST_FILE = YES;
				INFOPLIST_FILE = iOSConcurrency/Info.plist;
				INFOPLIST_KEY_UIApplicationSceneManifest_Generation = YES;
				INFOPLIST_KEY_UIApplicationSupportsIndirectInputEvents = YES;
				INFOPLIST_KEY_UISupportedInterfaceOrientations_iPad = "UIInterfaceOrientationPortrait UIInterfaceOrientationPortraitUpsideDown UIInterfaceOrientationLandscapeLeft UIInterfaceOrientationLandscapeRight";
				INFOPLIST_KEY_UISupportedInterfaceOrientations_iPhone = "UIInterfaceOrientationPortrait UIInterfaceOrientationLandscapeLeft UIInterfaceOrientationLandscapeRight";
				LD_RUNPATH_SEARCH_PATHS = (
					"$(inherited)",
					"@executable_path/Frameworks",
				);
				MARKETING_VERSION = 1.0;
				PRODUCT_BUNDLE_IDENTIFIER = com.LifeWorksIQ.iOSConcurrency;
				PRODUCT_NAME = "$(TARGET_NAME)";
				SWIFT_EMIT_LOC_STRINGS = YES;
				SWIFT_VERSION = 5.0;
				TARGETED_DEVICE_FAMILY = "1,2";
			};
			name = Release;
		};
/* End XCBuildConfiguration section */

/* Begin XCConfigurationList section */
		6305052628020BA300DCC6BF /* Build configuration list for PBXProject "iOSConcurrency" */ = {
			isa = XCConfigurationList;
			buildConfigurations = (
				6305053728020BA700DCC6BF /* Debug */,
				6305053828020BA700DCC6BF /* Release */,
			);
			defaultConfigurationIsVisible = 0;
			defaultConfigurationName = Release;
		};
		6305053928020BA700DCC6BF /* Build configuration list for PBXNativeTarget "iOSConcurrency" */ = {
			isa = XCConfigurationList;
			buildConfigurations = (
				6305053A28020BA700DCC6BF /* Debug */,
				6305053B28020BA700DCC6BF /* Release */,
			);
			defaultConfigurationIsVisible = 0;
			defaultConfigurationName = Release;
		};
/* End XCConfigurationList section */
	};
	rootObject = 6305052328020BA300DCC6BF /* Project object */;
}
